
Microsoft Visual Studio Solution File, Format Version 12.00
# Visual Studio 2017
Project("{FAE04EC0-301F-11D3-BF4B-00C04F79EFBC}") = "Gravity", "Gravity.csproj", "{BC8F26BC-BE53-4E82-77FC-85D6B64C5311}"
EndProject
Project("{FAE04EC0-301F-11D3-BF4B-00C04F79EFBC}") = "Gravity.Editor", "Gravity.Editor.csproj", "{30A3C698-03D5-8696-29F0-129DFC98E5FB}"
EndProject
Global
	GlobalSection(SolutionConfigurationPlatforms) = preSolution
		Debug|Any CPU = Debug|Any CPU
		Release|Any CPU = Release|Any CPU
	EndGlobalSection
	GlobalSection(ProjectConfigurationPlatforms) = postSolution
		{BC8F26BC-BE53-4E82-77FC-85D6B64C5311}.Debug|Any CPU.ActiveCfg = Debug|Any CPU
		{BC8F26BC-BE53-4E82-77FC-85D6B64C5311}.Debug|Any CPU.Build.0 = Debug|Any CPU
		{BC8F26BC-BE53-4E82-77FC-85D6B64C5311}.Release|Any CPU.ActiveCfg = Release|Any CPU
		{BC8F26BC-BE53-4E82-77FC-85D6B64C5311}.Release|Any CPU.Build.0 = Release|Any CPU
		{30A3C698-03D5-8696-29F0-129DFC98E5FB}.Debug|Any CPU.ActiveCfg = Debug|Any CPU
		{30A3C698-03D5-8696-29F0-129DFC98E5FB}.Debug|Any CPU.Build.0 = Debug|Any CPU
		{30A3C698-03D5-8696-29F0-129DFC98E5FB}.Release|Any CPU.ActiveCfg = Release|Any CPU
		{30A3C698-03D5-8696-29F0-129DFC98E5FB}.Release|Any CPU.Build.0 = Release|Any CPU
	EndGlobalSection
	GlobalSection(SolutionProperties) = preSolution
		HideSolutionNode = FALSE
	EndGlobalSection
EndGlobal
